
Microsoft Visual Studio Solution File, Format Version 12.00
# Visual Studio Version 17
VisualStudioVersion = 17.13.35818.85 d17.13
MinimumVisualStudioVersion = 10.0.40219.1
Project("{FAE04EC0-301F-11D3-BF4B-00C04F79EFBC}") = "EconomySimulator", "EconomySimulator\EconomySimulator.csproj", "{05367E20-C30D-4659-A98F-6948FA24DE16}"
EndProject
Global
	GlobalSection(SolutionConfigurationPlatforms) = preSolution
		Debug|Any CPU = Debug|Any CPU
		Release|Any CPU = Release|Any CPU
	EndGlobalSection
	GlobalSection(ProjectConfigurationPlatforms) = postSolution
		{05367E20-C30D-4659-A98F-6948FA24DE16}.Debug|Any CPU.ActiveCfg = Debug|Any CPU
		{05367E20-C30D-4659-A98F-6948FA24DE16}.Debug|Any CPU.Build.0 = Debug|Any CPU
		{05367E20-C30D-4659-A98F-6948FA24DE16}.Release|Any CPU.ActiveCfg = Release|Any CPU
		{05367E20-C30D-4659-A98F-6948FA24DE16}.Release|Any CPU.Build.0 = Release|Any CPU
	EndGlobalSection
	GlobalSection(SolutionProperties) = preSolution
		HideSolutionNode = FALSE
	EndGlobalSection
	GlobalSection(ExtensibilityGlobals) = postSolution
		SolutionGuid = {AB16C906-7202-42D3-BAC7-80F1FEEB53F4}
	EndGlobalSection
EndGlobal
